
Microsoft Visual Studio Solution File, Format Version 12.00
# Visual Studio 15
VisualStudioVersion = 15.0.28307.271
MinimumVisualStudioVersion = 10.0.40219.1
Project("{FAE04EC0-301F-11D3-BF4B-00C04F79EFBC}") = "GreinerVidly", "GreinerVidly\GreinerVidly.csproj", "{DE81E14B-3C2C-4D29-A8E8-3783971E27FF}"
EndProject
Global
	GlobalSection(SolutionConfigurationPlatforms) = preSolution
		Debug|Any CPU = Debug|Any CPU
		Release|Any CPU = Release|Any CPU
	EndGlobalSection
	GlobalSection(ProjectConfigurationPlatforms) = postSolution
		{DE81E14B-3C2C-4D29-A8E8-3783971E27FF}.Debug|Any CPU.ActiveCfg = Debug|Any CPU
		{DE81E14B-3C2C-4D29-A8E8-3783971E27FF}.Debug|Any CPU.Build.0 = Debug|Any CPU
		{DE81E14B-3C2C-4D29-A8E8-3783971E27FF}.Release|Any CPU.ActiveCfg = Release|Any CPU
		{DE81E14B-3C2C-4D29-A8E8-3783971E27FF}.Release|Any CPU.Build.0 = Release|Any CPU
	EndGlobalSection
	GlobalSection(SolutionProperties) = preSolution
		HideSolutionNode = FALSE
	EndGlobalSection
	GlobalSection(ExtensibilityGlobals) = postSolution
		SolutionGuid = {4DB30B1B-21D7-4883-8404-236BD2B3B220}
	EndGlobalSection
EndGlobal
